
Microsoft Visual Studio Solution File, Format Version 12.00
# Visual Studio Version 17
VisualStudioVersion = 17.4.32804.182
MinimumVisualStudioVersion = 10.0.40219.1
Project("{FAE04EC0-301F-11D3-BF4B-00C04F79EFBC}") = "CodeNinjas", "CodeNinjas\CodeNinjas.csproj", "{3887206C-31FA-42F6-B767-E71726179EF7}"
EndProject
Project("{FAE04EC0-301F-11D3-BF4B-00C04F79EFBC}") = "CodeNinjas.Tests", "CodeNinjas.Tests\CodeNinjas.Tests.csproj", "{E0CB6417-0F40-43B4-A613-023912565FD4}"
EndProject
Global
	GlobalSection(SolutionConfigurationPlatforms) = preSolution
		Debug|Any CPU = Debug|Any CPU
		Release|Any CPU = Release|Any CPU
	EndGlobalSection
	GlobalSection(ProjectConfigurationPlatforms) = postSolution
		{3887206C-31FA-42F6-B767-E71726179EF7}.Debug|Any CPU.ActiveCfg = Debug|Any CPU
		{3887206C-31FA-42F6-B767-E71726179EF7}.Debug|Any CPU.Build.0 = Debug|Any CPU
		{3887206C-31FA-42F6-B767-E71726179EF7}.Release|Any CPU.ActiveCfg = Release|Any CPU
		{3887206C-31FA-42F6-B767-E71726179EF7}.Release|Any CPU.Build.0 = Release|Any CPU
		{E0CB6417-0F40-43B4-A613-023912565FD4}.Debug|Any CPU.ActiveCfg = Debug|Any CPU
		{E0CB6417-0F40-43B4-A613-023912565FD4}.Debug|Any CPU.Build.0 = Debug|Any CPU
		{E0CB6417-0F40-43B4-A613-023912565FD4}.Release|Any CPU.ActiveCfg = Release|Any CPU
		{E0CB6417-0F40-43B4-A613-023912565FD4}.Release|Any CPU.Build.0 = Release|Any CPU
	EndGlobalSection
	GlobalSection(SolutionProperties) = preSolution
		HideSolutionNode = FALSE
	EndGlobalSection
	GlobalSection(ExtensibilityGlobals) = postSolution
		SolutionGuid = {62B46EDD-7DF8-44E8-8255-FD31F12BBE18}
	EndGlobalSection
EndGlobal
